
Microsoft Visual Studio Solution File, Format Version 12.00
# Visual Studio Version 16
VisualStudioVersion = 16.0.32002.261
MinimumVisualStudioVersion = 10.0.40219.1
Project("{2150E333-8FDC-42A3-9474-1A3956D46DE8}") = "Solution Items", "Solution Items", "{FC9ACE13-1019-4B2E-82CF-63D51E2AA0BE}"
	ProjectSection(SolutionItems) = preProject
		.editorconfig = .editorconfig
		README.md = README.md
	EndProjectSection
EndProject
Project("{9A19103F-16F7-4668-BE54-9A1E7A4F7556}") = "TelegramBotApiScraper", "TelegramBotApiScraper\TelegramBotApiScraper.csproj", "{29B62DB7-981B-4E35-A39E-7041B8BEE1E1}"
EndProject
Global
	GlobalSection(SolutionConfigurationPlatforms) = preSolution
		Debug|Any CPU = Debug|Any CPU
		Release|Any CPU = Release|Any CPU
	EndGlobalSection
	GlobalSection(ProjectConfigurationPlatforms) = postSolution
		{29B62DB7-981B-4E35-A39E-7041B8BEE1E1}.Debug|Any CPU.ActiveCfg = Debug|Any CPU
		{29B62DB7-981B-4E35-A39E-7041B8BEE1E1}.Debug|Any CPU.Build.0 = Debug|Any CPU
		{29B62DB7-981B-4E35-A39E-7041B8BEE1E1}.Release|Any CPU.ActiveCfg = Release|Any CPU
		{29B62DB7-981B-4E35-A39E-7041B8BEE1E1}.Release|Any CPU.Build.0 = Release|Any CPU
	EndGlobalSection
	GlobalSection(SolutionProperties) = preSolution
		HideSolutionNode = FALSE
	EndGlobalSection
	GlobalSection(ExtensibilityGlobals) = postSolution
		SolutionGuid = {778D0F04-335E-4DD0-A6D5-457C68E56F81}
	EndGlobalSection
EndGlobal
